
Microsoft Visual Studio Solution File, Format Version 12.00
# Visual Studio Version 17
VisualStudioVersion = 17.8.34408.163
MinimumVisualStudioVersion = 10.0.40219.1
Project("{FAE04EC0-301F-11D3-BF4B-00C04F79EFBC}") = "12.5.1", "12.5.1\12.5.1.csproj", "{4C52A3B4-8CCD-449C-8BDF-3F95CDA38BCA}"
EndProject
Project("{FAE04EC0-301F-11D3-BF4B-00C04F79EFBC}") = "12.5.2", "12.5.2\12.5.2.csproj", "{01CD9727-58EA-4A76-A718-18B37A8C8D9B}"
EndProject
Project("{FAE04EC0-301F-11D3-BF4B-00C04F79EFBC}") = "12.5.3", "12.5.3\12.5.3.csproj", "{714CA96C-B30F-43D2-B1EA-FE180C5EF614}"
EndProject
Project("{FAE04EC0-301F-11D3-BF4B-00C04F79EFBC}") = "Models", "Models\Models.csproj", "{912E174C-3DCF-4560-9D12-4BE6A910E025}"
EndProject
Global
	GlobalSection(SolutionConfigurationPlatforms) = preSolution
		Debug|Any CPU = Debug|Any CPU
		Release|Any CPU = Release|Any CPU
	EndGlobalSection
	GlobalSection(ProjectConfigurationPlatforms) = postSolution
		{4C52A3B4-8CCD-449C-8BDF-3F95CDA38BCA}.Debug|Any CPU.ActiveCfg = Debug|Any CPU
		{4C52A3B4-8CCD-449C-8BDF-3F95CDA38BCA}.Debug|Any CPU.Build.0 = Debug|Any CPU
		{4C52A3B4-8CCD-449C-8BDF-3F95CDA38BCA}.Release|Any CPU.ActiveCfg = Release|Any CPU
		{4C52A3B4-8CCD-449C-8BDF-3F95CDA38BCA}.Release|Any CPU.Build.0 = Release|Any CPU
		{01CD9727-58EA-4A76-A718-18B37A8C8D9B}.Debug|Any CPU.ActiveCfg = Debug|Any CPU
		{01CD9727-58EA-4A76-A718-18B37A8C8D9B}.Debug|Any CPU.Build.0 = Debug|Any CPU
		{01CD9727-58EA-4A76-A718-18B37A8C8D9B}.Release|Any CPU.ActiveCfg = Release|Any CPU
		{01CD9727-58EA-4A76-A718-18B37A8C8D9B}.Release|Any CPU.Build.0 = Release|Any CPU
		{714CA96C-B30F-43D2-B1EA-FE180C5EF614}.Debug|Any CPU.ActiveCfg = Debug|Any CPU
		{714CA96C-B30F-43D2-B1EA-FE180C5EF614}.Debug|Any CPU.Build.0 = Debug|Any CPU
		{714CA96C-B30F-43D2-B1EA-FE180C5EF614}.Release|Any CPU.ActiveCfg = Release|Any CPU
		{714CA96C-B30F-43D2-B1EA-FE180C5EF614}.Release|Any CPU.Build.0 = Release|Any CPU
		{912E174C-3DCF-4560-9D12-4BE6A910E025}.Debug|Any CPU.ActiveCfg = Debug|Any CPU
		{912E174C-3DCF-4560-9D12-4BE6A910E025}.Debug|Any CPU.Build.0 = Debug|Any CPU
		{912E174C-3DCF-4560-9D12-4BE6A910E025}.Release|Any CPU.ActiveCfg = Release|Any CPU
		{912E174C-3DCF-4560-9D12-4BE6A910E025}.Release|Any CPU.Build.0 = Release|Any CPU
	EndGlobalSection
	GlobalSection(SolutionProperties) = preSolution
		HideSolutionNode = FALSE
	EndGlobalSection
	GlobalSection(ExtensibilityGlobals) = postSolution
		SolutionGuid = {EB083DB4-B6E9-42FC-8BE9-F4E4532F93CC}
	EndGlobalSection
EndGlobal
